# @generated - this file is auto-generated by `mise lock` https://mise.en.dev/dev-tools/mise-lock.html

[[tools."aqua:gastownhall/beads"]]
version = "1.2.2"
backend = "aqua:gastownhall/beads"

[tools."aqua:gastownhall/beads"."platforms.macos-arm64"]
checksum = "sha256:2aa1245c666419900d2d6993a05049e92c40e0e601d19579cca5b07a7bb8021d"
url = "https://github.com/gastownhall/beads/releases/download/v1.2.2/beads_1.2.2_darwin_arm64.tar.gz"
url_api = "https://api.github.com/repos/gastownhall/beads/releases/assets/515302581"
provenance = "github-attestations"

[[tools."aqua:smol-machines/smolvm"]]
version = "1.13.1"
backend = "aqua:smol-machines/smolvm"

[tools."aqua:smol-machines/smolvm"."platforms.macos-arm64"]
checksum = "sha256:da877a29ecd663173ac6087e7d6d4405e942c1a5acbd92928b110d4697da07cf"
url = "https://github.com/smol-machines/smolvm/releases/download/v1.13.1/smolvm-1.13.1-darwin-arm64.tar.gz"
url_api = "https://api.github.com/repos/smol-machines/smolvm/releases/assets/531973952"

[[tools.aube]]
version = "2.2.4"
backend = "github:endevco/aube"

[tools.aube."platforms.macos-arm64"]
checksum = "sha256:aa3f6e8e319c8d9c92393e797cd5576229eacc0740e8cf2b34d4c65bb1e61708"
url = "https://github.com/jdx/aube/releases/download/v2.2.4/aube-v2.2.4-aarch64-apple-darwin.tar.gz"
url_api = "https://api.github.com/repos/jdx/aube/releases/assets/538155490"
provenance = "github-attestations"
provenance_verified = true

[[tools.bun]]
version = "1.4.0"
backend = "core:bun"

[tools.bun."platforms.macos-arm64"]
checksum = "sha256:c669e97f6164e1c96e0701748db98dfa77492908cbd8394c7557134a735de381"
url = "https://github.com/oven-sh/bun/releases/download/bun-v1.4.0/bun-darwin-aarch64.zip"

[[tools.fnox]]
version = "1.34.1"
backend = "github:jdx/fnox"

[tools.fnox."platforms.macos-arm64"]
checksum = "sha256:b9efa09f551470f8d664a2e040754d14993293e45dc08a69df4a9df782bbd1d4"
url = "https://github.com/jdx/fnox/releases/download/v1.34.1/fnox-aarch64-apple-darwin.tar.gz"
url_api = "https://api.github.com/repos/jdx/fnox/releases/assets/531310160"
provenance = "github-attestations"
provenance_verified = true

[[tools."github:can1357/oh-my-pi"]]
version = "18.1.3"
backend = "github:can1357/oh-my-pi"

[tools."github:can1357/oh-my-pi"."platforms.macos-arm64"]
checksum = "sha256:3f01e1df5a836c6b882966bc527a910e88cafc28096d9756c46e649187950310"
url = "https://github.com/can1357/oh-my-pi/releases/download/v18.1.3/omp-darwin-arm64"
url_api = "https://api.github.com/repos/can1357/oh-my-pi/releases/assets/541264002"

[[tools."github:kucherenko/jscpd"]]
version = "5.1.1"
backend = "github:kucherenko/jscpd"

[tools."github:kucherenko/jscpd"."platforms.macos-arm64"]
checksum = "sha256:0fc3f35fcac0eadde77803fd3b656d2b3699e7046ed4fb034a5a4bf4b9d71aad"
url = "https://github.com/kucherenko/jscpd/releases/download/v5.1.1/jscpd-darwin-arm64.tar.gz"
url_api = "https://api.github.com/repos/kucherenko/jscpd/releases/assets/538185419"
provenance = "github-attestations"
provenance_verified = true

[[tools."github:remotemobprogramming/mob"]]
version = "5.4.2"
backend = "github:remotemobprogramming/mob"

[tools."github:remotemobprogramming/mob"."platforms.macos-arm64"]
checksum = "sha256:2ca73fc8e347f80b47a269bdf64e4265f6d6c5be2229bf5604aea551a67ce72f"
url = "https://github.com/remotemobprogramming/mob/releases/download/5.4.2/mob_5.4.2_darwin_universal.tar.gz"
url_api = "https://api.github.com/repos/remotemobprogramming/mob/releases/assets/346269527"

[[tools."github:tinylabscom/mvm"]]
version = "0.17.0"
backend = "github:tinylabscom/mvm"

[tools."github:tinylabscom/mvm"."platforms.macos-arm64"]
checksum = "sha256:5fdf95929a90820af6ab4c22cc1a31e5ae6bc5eae2f3b6a795a06986797d0bce"
url = "https://github.com/tinylabscom/mvm/releases/download/v0.17.0/mvmctl-aarch64-apple-darwin.tar.gz"
url_api = "https://api.github.com/repos/tinylabscom/mvm/releases/assets/469950232"

[[tools."github:vladkens/macmon"]]
version = "0.8.2"
backend = "github:vladkens/macmon"

[tools."github:vladkens/macmon"."platforms.macos-arm64"]
checksum = "sha256:588d5bde79885ba36f693e5150911c10c3ad208a2e418a3f2aa827ac84a2d973"
url = "https://github.com/vladkens/macmon/releases/download/v0.8.2/macmon-v0.8.2.tar.gz"
url_api = "https://api.github.com/repos/vladkens/macmon/releases/assets/501564311"

[[tools."github:zeroclaw-labs/zeroclaw"]]
version = "0.8.4"
backend = "github:zeroclaw-labs/zeroclaw"

[tools."github:zeroclaw-labs/zeroclaw"."platforms.macos-arm64"]
checksum = "sha256:fac22f9af2f940fd3bb7e77deb42fac7d052dfc81212812694703f7c20d34edf"
url = "https://github.com/zeroclaw-labs/zeroclaw/releases/download/v0.8.4/zeroclaw-aarch64-apple-darwin.tar.gz"
url_api = "https://api.github.com/repos/zeroclaw-labs/zeroclaw/releases/assets/499270301"
provenance = "github-attestations"
provenance_verified = true

[[tools."github:zjrosen/perles"]]
version = "0.8.94"
backend = "github:zjrosen/perles"

[tools."github:zjrosen/perles"."platforms.macos-arm64"]
checksum = "sha256:4fd4676b9902e7a27bbce0cec9c6d720e959df8437bb531f439e5207a7ec841c"
url = "https://github.com/zjrosen/perles/releases/download/v0.8.94/perles_0.8.94_darwin_arm64.tar.gz"
url_api = "https://api.github.com/repos/zjrosen/perles/releases/assets/535934600"

[[tools.herdr]]
version = "0.8.2"
backend = "github:ogulcancelik/herdr"

[tools.herdr."platforms.macos-arm64"]
checksum = "sha256:a5d4f4d504d8b309c91f811050559300faba31258425f53c50852fc96f6ae574"
url = "https://github.com/herdrdev/herdr/releases/download/v0.8.2/herdr-macos-aarch64"
url_api = "https://api.github.com/repos/herdrdev/herdr/releases/assets/521169108"

[[tools."nix:pkl-lsp"]]
version = "0.8.0"
backend = "nix:pkl-lsp"

[[tools.opencode]]
version = "1.18.26"
backend = "aqua:anomalyco/opencode"

[tools.opencode."platforms.macos-arm64"]
checksum = "sha256:b05d383149a5a417140e8edebd83064142fa36e74fdfcd5f791919dcb12fd33a"
url = "https://github.com/anomalyco/opencode/releases/download/v1.18.26/opencode-darwin-arm64.zip"
url_api = "https://api.github.com/repos/anomalyco/opencode/releases/assets/540146149"

[[tools.television]]
version = "0.15.9"
backend = "aqua:alexpasmantier/television"

[tools.television."platforms.macos-arm64"]
checksum = "sha256:94ae7177d499f74e7544243ffe9c82371183ca11a6363f198a4b3d0e29f82732"
url = "https://github.com/alexpasmantier/television/releases/download/0.15.9/tv-0.15.9-aarch64-apple-darwin.tar.gz"

[[tools.usage]]
version = "6.6.1"
backend = "aqua:jdx/usage"

[tools.usage."platforms.macos-arm64"]
checksum = "sha256:2cd11077e8b62c65687c84eab29dae429985acfdea3847b3775a99677f5d6408"
url = "https://github.com/jdx/usage/releases/download/v6.6.1/usage-universal-apple-darwin.tar.gz"
url_api = "https://api.github.com/repos/jdx/usage/releases/assets/539847849"

[[tools.worktrunk]]
version = "0.76.0"
backend = "aqua:max-sixty/worktrunk"

[tools.worktrunk."platforms.macos-arm64"]
checksum = "sha256:7b19bb9d5ec60ea4b9bcb11d92606e0575bdf17a01edfe4b841f4281e5d0f56d"
url = "https://github.com/max-sixty/worktrunk/releases/download/v0.76.0/worktrunk-aarch64-apple-darwin.tar.xz"
url_api = "https://api.github.com/repos/max-sixty/worktrunk/releases/assets/540216619"
