# @generated - this file is auto-generated by `mise lock` https://mise.en.dev/dev-tools/mise-lock.html

[[tools.java]]
version = "temurin-25.0.3+9.0.LTS"
backend = "core:java"

[tools.java."platforms.macos-arm64"]
checksum = "sha256:7baab4d69a15554e119b86ff78d40e3fdc28819b5b322955c913cebfe3f6a37c"
url = "https://github.com/adoptium/temurin25-binaries/releases/download/jdk-25.0.3%2B9/OpenJDK25U-jdk_aarch64_mac_hotspot_25.0.3_9.tar.gz"

[[tools.kotlin]]
version = "2.3.21"
backend = "github:JetBrains/kotlin"

[tools.kotlin.options]
asset_pattern = "kotlin-compiler-*.zip"

[tools.kotlin."platforms.macos-arm64"]
checksum = "sha256:a8cfc1d62cd4d0de4d04f42575e40135bd620588c17d568a20eb9c7c259af14f"
url = "https://github.com/JetBrains/kotlin/releases/download/v2.3.21/kotlin-compiler-2.3.21.zip"
url_api = "https://api.github.com/repos/JetBrains/kotlin/releases/assets/403244823"

[[tools.node]]
version = "24.16.0"
backend = "core:node"

[tools.node."platforms.macos-arm64"]
checksum = "sha256:39189dab4eeb15706c424af0ac08a3044c9e48f7db12a7d77f6b7aafc7dd5df6"
url = "https://nodejs.org/dist/v24.16.0/node-v24.16.0-darwin-arm64.tar.gz"
