# @generated - this file is auto-generated by `mise lock` https://mise.en.dev/dev-tools/mise-lock.html

[[tools."aqua:gastownhall/beads"]]
version = "1.0.5"
backend = "aqua:gastownhall/beads"

[tools."aqua:gastownhall/beads"."platforms.macos-arm64"]
checksum = "sha256:648a2d19d767e8700bee809d4667cb52be3443d877dadb8106be550396982f58"
url = "https://github.com/gastownhall/beads/releases/download/v1.0.5/beads_1.0.5_darwin_arm64.tar.gz"
provenance = "github-attestations"

[[tools."aqua:runkids/skillshare"]]
version = "0.20.2"
backend = "aqua:runkids/skillshare"

[tools."aqua:runkids/skillshare"."platforms.macos-arm64"]
checksum = "sha256:4e28a66ced9492e39404db3bf8e69086fc44ca514f7100e8376403cca87cd2b1"
url = "https://github.com/runkids/skillshare/releases/download/v0.20.2/skillshare_0.20.2_darwin_arm64.tar.gz"

[[tools.aube]]
version = "1.17.1"
backend = "github:endevco/aube"

[tools.aube."platforms.macos-arm64"]
checksum = "sha256:ef3f429bd94f99afbfd4d49631e10260848b7ffc18cc908199b2eea651fa55cf"
url = "https://github.com/endevco/aube/releases/download/v1.17.1/aube-v1.17.1-aarch64-apple-darwin.tar.gz"
url_api = "https://api.github.com/repos/endevco/aube/releases/assets/434693494"
provenance = "github-attestations"

[[tools.fnox]]
version = "1.25.1"
backend = "github:jdx/fnox"

[tools.fnox."platforms.macos-arm64"]
checksum = "sha256:39d1f8cc620d3784f1b4c0127a0cf404f97d35ac4233656d36891d80c77cd147"
url = "https://github.com/jdx/fnox/releases/download/v1.25.1/fnox-aarch64-apple-darwin.tar.gz"
url_api = "https://api.github.com/repos/jdx/fnox/releases/assets/422647956"
provenance = "github-attestations"

[[tools."github:nearai/ironclaw"]]
version = "0.21.0"
backend = "github:nearai/ironclaw"

[tools."github:nearai/ironclaw"."platforms.macos-arm64"]
checksum = "sha256:8879c75e0866c12664e968303d468b6a439b24c7eb70f85947133c148902d652"
url = "https://github.com/nearai/ironclaw/releases/download/v0.21.0/ironclaw-aarch64-apple-darwin.tar.gz"
url_api = "https://api.github.com/repos/nearai/ironclaw/releases/assets/378120148"

[[tools."github:remotemobprogramming/mob"]]
version = "5.4.2"
backend = "github:remotemobprogramming/mob"

[tools."github:remotemobprogramming/mob"."platforms.macos-arm64"]
checksum = "sha256:2ca73fc8e347f80b47a269bdf64e4265f6d6c5be2229bf5604aea551a67ce72f"
url = "https://github.com/remotemobprogramming/mob/releases/download/5.4.2/mob_5.4.2_darwin_universal.tar.gz"
url_api = "https://api.github.com/repos/remotemobprogramming/mob/releases/assets/346269527"

[[tools."github:vladkens/macmon"]]
version = "0.7.2"
backend = "github:vladkens/macmon"

[tools."github:vladkens/macmon"."platforms.macos-arm64"]
checksum = "sha256:c79fdc7ab02b456b897dcc3ea041678420d7a1d5bd669aaac36fda3885572ad6"
url = "https://github.com/vladkens/macmon/releases/download/v0.7.2/macmon-v0.7.2.tar.gz"
url_api = "https://api.github.com/repos/vladkens/macmon/releases/assets/410521089"

[[tools."github:zeroclaw-labs/zeroclaw"]]
version = "0.7.5"
backend = "github:zeroclaw-labs/zeroclaw"

[tools."github:zeroclaw-labs/zeroclaw"."platforms.macos-arm64"]
checksum = "sha256:c5dbf3e7e1869a51c888171746f26ea0e82fb44a593d3ed1aa8456f15b12325d"
url = "https://github.com/zeroclaw-labs/zeroclaw/releases/download/v0.7.5/zeroclaw-aarch64-apple-darwin.tar.gz"
url_api = "https://api.github.com/repos/zeroclaw-labs/zeroclaw/releases/assets/415000664"

[[tools."github:zjrosen/perles"]]
version = "0.8.7"
backend = "github:zjrosen/perles"

[tools."github:zjrosen/perles"."platforms.macos-arm64"]
checksum = "sha256:dbf463d7c94a151da213a515fb0f232c6b5ad5c156fcb8930fc7c8923b288088"
url = "https://github.com/zjrosen/perles/releases/download/v0.8.7/perles_0.8.7_darwin_arm64.tar.gz"
url_api = "https://api.github.com/repos/zjrosen/perles/releases/assets/430371244"

[[tools."nix:pkl-lsp"]]
version = "0.6.0"
backend = "nix:pkl-lsp"

[[tools.opencode]]
version = "1.15.13"
backend = "aqua:anomalyco/opencode"

[tools.opencode."platforms.macos-arm64"]
checksum = "sha256:be369a38d15a22e83fad34874d1bc7ddead8084e07df292b28d079287d54ab0c"
url = "https://github.com/anomalyco/opencode/releases/download/v1.15.13/opencode-darwin-arm64.zip"

[[tools.television]]
version = "0.15.7"
backend = "aqua:alexpasmantier/television"

[tools.television."platforms.macos-arm64"]
checksum = "sha256:e2ec72a231c8cd21b37fb91fa390b5fb12a742103374bac884463f62754fb19d"
url = "https://github.com/alexpasmantier/television/releases/download/0.15.7/tv-0.15.7-aarch64-apple-darwin.tar.gz"

[[tools.workmux]]
version = "0.1.211"
backend = "github:raine/workmux"

[tools.workmux."platforms.macos-arm64"]
checksum = "sha256:76c97c737382d8eb6f431ce4cc2c52d300dd1bb43e0bd099461d268ed91cd95a"
url = "https://github.com/raine/workmux/releases/download/v0.1.211/workmux-darwin-arm64.tar.gz"
url_api = "https://api.github.com/repos/raine/workmux/releases/assets/427384490"

[[tools.worktrunk]]
version = "0.55.0"
backend = "aqua:max-sixty/worktrunk"

[tools.worktrunk."platforms.macos-arm64"]
checksum = "sha256:a62d2e9d2c2967fbb85a7e32c4f33dc3a2c212d2ea84c535df1905cb52e31cde"
url = "https://github.com/max-sixty/worktrunk/releases/download/v0.55.0/worktrunk-aarch64-apple-darwin.tar.xz"
