# @generated - this file is auto-generated by `mise lock` https://mise.jdx.dev/dev-tools/mise-lock.html

[[tools."aqua:steveyegge/beads"]]
version = "0.59.0"
backend = "aqua:steveyegge/beads"

[tools."aqua:steveyegge/beads"."platforms.macos-arm64"]
checksum = "sha256:b65e07343275783b669f92b592ddde8234594cfc3027637dc44facfd01c87a47"
url = "https://github.com/steveyegge/beads/releases/download/v0.59.0/beads_0.59.0_darwin_arm64.tar.gz"

[[tools."github:Dicklesworthstone/beads_viewer"]]
version = "0.15.2"
backend = "github:Dicklesworthstone/beads_viewer"

[tools."github:Dicklesworthstone/beads_viewer"."platforms.macos-arm64"]
checksum = "sha256:4edd972fb78b7f8759443ef4896d3fe874016fc74fae9706b337d9322c4fe2cb"
url = "https://github.com/Dicklesworthstone/beads_viewer/releases/download/v0.15.2/bv_0.15.2_darwin_arm64.tar.gz"
url_api = "https://api.github.com/repos/Dicklesworthstone/beads_viewer/releases/assets/369752347"

[[tools."github:hmans/beans"]]
version = "0.4.0"
backend = "github:hmans/beans"

[tools."github:hmans/beans"."platforms.macos-arm64"]
checksum = "sha256:41b766c43a4372f0803a5557e235b2ee611f46f0a5caf3ec9b27627ff8432e67"
url = "https://github.com/hmans/beans/releases/download/v0.4.0/beans_Darwin_arm64.tar.gz"
url_api = "https://api.github.com/repos/hmans/beans/releases/assets/352287095"

[[tools."github:remotemobprogramming/mob"]]
version = "5.4.2"
backend = "github:remotemobprogramming/mob"

[tools."github:remotemobprogramming/mob"."platforms.macos-arm64"]
checksum = "sha256:2ca73fc8e347f80b47a269bdf64e4265f6d6c5be2229bf5604aea551a67ce72f"
url = "https://github.com/remotemobprogramming/mob/releases/download/5.4.2/mob_5.4.2_darwin_universal.tar.gz"
url_api = "https://api.github.com/repos/remotemobprogramming/mob/releases/assets/346269527"

[[tools."github:zjrosen/perles"]]
version = "0.8.0"
backend = "github:zjrosen/perles"

[tools."github:zjrosen/perles"."platforms.macos-arm64"]
checksum = "sha256:1b00f1d0a055a670f760fd81e4263ada44ffd7ca6b2165cc8e15dd86a0451921"
url = "https://github.com/zjrosen/perles/releases/download/v0.8.0/perles_0.8.0_darwin_arm64.tar.gz"
url_api = "https://api.github.com/repos/zjrosen/perles/releases/assets/369060451"

[[tools.opencode]]
version = "1.2.24"
backend = "aqua:anomalyco/opencode"

[tools.opencode."platforms.macos-arm64"]
checksum = "sha256:858467155943c1030815047cbda2fd5074d1ba9309a00e5dd4585a19b3c4896e"
url = "https://github.com/anomalyco/opencode/releases/download/v1.2.24/opencode-darwin-arm64.zip"
